
Microsoft Visual Studio Solution File, Format Version 11.00
# Visual Studio 2010
Project("{FAE04EC0-301F-11D3-BF4B-00C04F79EFBC}") = "BombRMan", "BombRMan\BombRMan.csproj", "{36194160-EF2C-47DA-B40F-8B4F20DFF683}"
EndProject
Project("{2150E333-8FDC-42A3-9474-1A3956D46DE8}") = ".nuget", ".nuget", "{B1F9AD4E-D85B-4383-997B-891A102FDDB0}"
	ProjectSection(SolutionItems) = preProject
		.nuget\NuGet.Config = .nuget\NuGet.Config
		.nuget\nuget.exe = .nuget\nuget.exe
		.nuget\NuGet.targets = .nuget\NuGet.targets
	EndProjectSection
EndProject
Global
	GlobalSection(SolutionConfigurationPlatforms) = preSolution
		Debug|Any CPU = Debug|Any CPU
		Release|Any CPU = Release|Any CPU
	EndGlobalSection
	GlobalSection(ProjectConfigurationPlatforms) = postSolution
		{36194160-EF2C-47DA-B40F-8B4F20DFF683}.Debug|Any CPU.ActiveCfg = Debug|Any CPU
		{36194160-EF2C-47DA-B40F-8B4F20DFF683}.Debug|Any CPU.Build.0 = Debug|Any CPU
		{36194160-EF2C-47DA-B40F-8B4F20DFF683}.Release|Any CPU.ActiveCfg = Release|Any CPU
		{36194160-EF2C-47DA-B40F-8B4F20DFF683}.Release|Any CPU.Build.0 = Release|Any CPU
	EndGlobalSection
	GlobalSection(SolutionProperties) = preSolution
		HideSolutionNode = FALSE
	EndGlobalSection
EndGlobal
